
Microsoft Visual Studio Solution File, Format Version 12.00
# Visual Studio Version 17
VisualStudioVersion = 17.6.33801.468
MinimumVisualStudioVersion = 10.0.40219.1
Project("{FAE04EC0-301F-11D3-BF4B-00C04F79EFBC}") = "Assignment", "Assignment.csproj", "{F09C4005-0D55-4FC9-AD93-CCF188E33DAF}"
EndProject
Global
	GlobalSection(SolutionConfigurationPlatforms) = preSolution
		Debug|Any CPU = Debug|Any CPU
		Release|Any CPU = Release|Any CPU
	EndGlobalSection
	GlobalSection(ProjectConfigurationPlatforms) = postSolution
		{F09C4005-0D55-4FC9-AD93-CCF188E33DAF}.Debug|Any CPU.ActiveCfg = Debug|Any CPU
		{F09C4005-0D55-4FC9-AD93-CCF188E33DAF}.Debug|Any CPU.Build.0 = Debug|Any CPU
		{F09C4005-0D55-4FC9-AD93-CCF188E33DAF}.Release|Any CPU.ActiveCfg = Release|Any CPU
		{F09C4005-0D55-4FC9-AD93-CCF188E33DAF}.Release|Any CPU.Build.0 = Release|Any CPU
	EndGlobalSection
	GlobalSection(SolutionProperties) = preSolution
		HideSolutionNode = FALSE
	EndGlobalSection
	GlobalSection(ExtensibilityGlobals) = postSolution
		SolutionGuid = {063CF1F3-A07D-4B0A-B531-B7BC0B4C1D31}
	EndGlobalSection
EndGlobal
